github.com/Joker/hpp v1.0.0/go.mod h1:8x5n+M1Hp5hC0g8okX3sR3vFQwynaX/UgSOM9MeBKzY=
github.com/ajstarks/svgo v0.0.0-20181006003313-6ce6a3bcf6cd h1:JdtityihAc6A+gVfYh6vGXfZQg+XOLyBvla/7NbXFCg=
github.com/ajstarks/svgo v0.0.0-20181006003313-6ce6a3bcf6cd/go.mod h1:K08gAheRH3/J6wwsYMMT4xOr94bZjxIelGM0+d/wbFw=
github.com/divan/num2words v0.0.0-20170904212200-57dba452f942 h1:fJ8/Lid8fF4i7Bwl7vWKvG2KeZzr3yU4qG6h/DPdXLU=
github.com/divan/num2words v0.0.0-20170904212200-57dba452f942/go.mod h1:K88GQWK1aAiPMo9q2LZwyKBfEGnge7kmVVTUcZ61HSc=
github.com/go-chi/chi v4.0.2+incompatible h1:maB6vn6FqCxrpz4FqWdh4+lwpyZIQS7YEAUcHlgXVRs=
github.com/go-chi/chi v4.0.2+incompatible/go.mod h1:eB3wogJHnLi3x/kFX2A+IbTBlXxmMeXJVKy9tTv1XzQ=
github.com/ironarachne/naminglanguage v0.0.0-20190326140911-90c4c9184634 h1:p9Rg9Xt34r+oEmZ+sWz49ef2dCVTCN0z+cHsJaoo6eg=
github.com/ironarachne/naminglanguage v0.0.0-20190326140911-90c4c9184634/go.mod h1:iQlQfXBFCQzoRgnBym09tjmTfI3gRBmxactk18WNP0A=
github.com/ironarachne/random v0.0.0-20190325170425-9caaa0b3405a/go.mod h1:YUzpzLiGzz2YTOhXMk61UBGze9jiaKfpFXF6YF2nd2Q=
github.com/juju/testing v0.0.0-20190415054131-a282c42ba059/go.mod h1:63prj8cnj0tU0S9OHjGJn+b1h0ZghCndfnbQolrYTwA=
golang.org/x/crypto v0.0.0-20190308221718-c2843e01d9a2/go.mod h1:djNgcEr1/C05ACkg1iLfiJU5Ep61QUkGW8qpdssI0+w=
golang.org/x/crypto v0.0.0-20190411191339-88737f569e3a/go.mod h1:WFFai1msRO1wXaEeE5yQxYXgSfI8pQAWXbQop6sCtWE=
golang.org/x/net v0.0.0-20190311183353-d8887717615a/go.mod h1:t9HGtf8HONx5eT2rtn7q6eTqICYqUVnKs3thJo3Qplg=
golang.org/x/net v0.0.0-20190327091125-710a502c58a2/go.mod h1:t9HGtf8HONx5eT2rtn7q6eTqICYqUVnKs3thJo3Qplg=
golang.org/x/net v0.0.0-20190415100556-4a65cf94b679/go.mod h1:t9HGtf8HONx5eT2rtn7q6eTqICYqUVnKs3thJo3Qplg=
golang.org/x/sys v0.0.0-20190215142949-d0b11bdaac8a/go.mod h1:STP8DvDyc/dI5b8T5hshtkjS+E42TnysNCUPdjciGhY=
golang.org/x/sys v0.0.0-20190403152447-81d4e9dc473e/go.mod h1:h1NjWce9XRLGQEsW7wpKNCjG9DtNlClVuFLEZdDNbEs=
golang.org/x/sys v0.0.0-20190415145633-3fd5a3612ccd/go.mod h1:h1NjWce9XRLGQEsW7wpKNCjG9DtNlClVuFLEZdDNbEs=
golang.org/x/text v0.3.0/go.mod h1:NqM8EUOU14njkJ3fqMW+pc6Ldnwhi/IjpwHt7yyuwOQ=
golang.org/x/tools v0.0.0-20190415205951-2e9de471ebd3/go.mod h1:LCzVGOaR6xXOjkQ3onu1FJEFr0SW1gC7cKk1uF8kGRs=
